
Microsoft Visual Studio Solution File, Format Version 12.00
# Visual Studio Version 17
VisualStudioVersion = 17.4.33205.214
MinimumVisualStudioVersion = 10.0.40219.1
Project("{9A19103F-16F7-4668-BE54-9A1E7A4F7556}") = "MusicManager.Domain", "MusicManager.Domain\MusicManager.Domain.csproj", "{4957EE8E-942E-40B9-9E4B-58132FA5CBB7}"
EndProject
Project("{9A19103F-16F7-4668-BE54-9A1E7A4F7556}") = "TestPlace", "TestPlace\TestPlace.csproj", "{86F52CD4-E647-4064-92A5-C015514E7911}"
EndProject
Project("{9A19103F-16F7-4668-BE54-9A1E7A4F7556}") = "MusicManager.Domain.Services.Implementations", "MusicManager.Domain.Services.Implementations\MusicManager.Domain.Services.Implementations.csproj", "{04E4ABFB-0C07-4B93-89C1-3EDC9228B353}"
EndProject
Project("{FAE04EC0-301F-11D3-BF4B-00C04F79EFBC}") = "TEsts", "TEsts\TEsts.csproj", "{FBFD1C93-1099-41B9-9A90-3504FF868A6C}"
EndProject
Global
	GlobalSection(SolutionConfigurationPlatforms) = preSolution
		Debug|Any CPU = Debug|Any CPU
		Release|Any CPU = Release|Any CPU
	EndGlobalSection
	GlobalSection(ProjectConfigurationPlatforms) = postSolution
		{4957EE8E-942E-40B9-9E4B-58132FA5CBB7}.Debug|Any CPU.ActiveCfg = Debug|Any CPU
		{4957EE8E-942E-40B9-9E4B-58132FA5CBB7}.Debug|Any CPU.Build.0 = Debug|Any CPU
		{4957EE8E-942E-40B9-9E4B-58132FA5CBB7}.Release|Any CPU.ActiveCfg = Release|Any CPU
		{4957EE8E-942E-40B9-9E4B-58132FA5CBB7}.Release|Any CPU.Build.0 = Release|Any CPU
		{86F52CD4-E647-4064-92A5-C015514E7911}.Debug|Any CPU.ActiveCfg = Debug|Any CPU
		{86F52CD4-E647-4064-92A5-C015514E7911}.Debug|Any CPU.Build.0 = Debug|Any CPU
		{86F52CD4-E647-4064-92A5-C015514E7911}.Release|Any CPU.ActiveCfg = Release|Any CPU
		{86F52CD4-E647-4064-92A5-C015514E7911}.Release|Any CPU.Build.0 = Release|Any CPU
		{04E4ABFB-0C07-4B93-89C1-3EDC9228B353}.Debug|Any CPU.ActiveCfg = Debug|Any CPU
		{04E4ABFB-0C07-4B93-89C1-3EDC9228B353}.Debug|Any CPU.Build.0 = Debug|Any CPU
		{04E4ABFB-0C07-4B93-89C1-3EDC9228B353}.Release|Any CPU.ActiveCfg = Release|Any CPU
		{04E4ABFB-0C07-4B93-89C1-3EDC9228B353}.Release|Any CPU.Build.0 = Release|Any CPU
		{FBFD1C93-1099-41B9-9A90-3504FF868A6C}.Debug|Any CPU.ActiveCfg = Debug|Any CPU
		{FBFD1C93-1099-41B9-9A90-3504FF868A6C}.Debug|Any CPU.Build.0 = Debug|Any CPU
		{FBFD1C93-1099-41B9-9A90-3504FF868A6C}.Release|Any CPU.ActiveCfg = Release|Any CPU
		{FBFD1C93-1099-41B9-9A90-3504FF868A6C}.Release|Any CPU.Build.0 = Release|Any CPU
	EndGlobalSection
	GlobalSection(SolutionProperties) = preSolution
		HideSolutionNode = FALSE
	EndGlobalSection
	GlobalSection(ExtensibilityGlobals) = postSolution
		SolutionGuid = {BC04A83A-0DBB-45F1-B5E7-C921197DCF8B}
	EndGlobalSection
EndGlobal
